
Microsoft Visual Studio Solution File, Format Version 12.00
# Visual Studio Version 17
VisualStudioVersion = 17.1.32328.378
MinimumVisualStudioVersion = 10.0.40219.1
Project("{FAE04EC0-301F-11D3-BF4B-00C04F79EFBC}") = "Project3", "Project3\Project3.csproj", "{3DB05549-70A4-4BE3-9D03-8E2F6A71A0F0}"
EndProject
Global
	GlobalSection(SolutionConfigurationPlatforms) = preSolution
		Debug|Any CPU = Debug|Any CPU
		Release|Any CPU = Release|Any CPU
	EndGlobalSection
	GlobalSection(ProjectConfigurationPlatforms) = postSolution
		{3DB05549-70A4-4BE3-9D03-8E2F6A71A0F0}.Debug|Any CPU.ActiveCfg = Debug|Any CPU
		{3DB05549-70A4-4BE3-9D03-8E2F6A71A0F0}.Debug|Any CPU.Build.0 = Debug|Any CPU
		{3DB05549-70A4-4BE3-9D03-8E2F6A71A0F0}.Release|Any CPU.ActiveCfg = Release|Any CPU
		{3DB05549-70A4-4BE3-9D03-8E2F6A71A0F0}.Release|Any CPU.Build.0 = Release|Any CPU
	EndGlobalSection
	GlobalSection(SolutionProperties) = preSolution
		HideSolutionNode = FALSE
	EndGlobalSection
	GlobalSection(ExtensibilityGlobals) = postSolution
		SolutionGuid = {5503A049-0600-4BDA-BA9B-D096C6DA3032}
	EndGlobalSection
EndGlobal
